// !$*UTF8*$!
{
	archiveVersion = 1;
	classes = {
	};
	objectVersion = 46;
	objects = {

/* Begin PBXBuildFile section */
		3DD490B91C46DB73007F6DA9 /* AppDelegate.swift in Sources */ = {isa = PBXBuildFile; fileRef = 3DD490B81C46DB73007F6DA9 /* AppDelegate.swift */; };
		3DD490BE1C46DB74007F6DA9 /* Main.storyboard in Resources */ = {isa = PBXBuildFile; fileRef = 3DD490BC1C46DB74007F6DA9 /* Main.storyboard */; };
		3DD490C01C46DB74007F6DA9 /* Assets.xcassets in Resources */ = {isa = PBXBuildFile; fileRef = 3DD490BF1C46DB74007F6DA9 /* Assets.xcassets */; };
		3DD490C31C46DB74007F6DA9 /* LaunchScreen.storyboard in Resources */ = {isa = PBXBuildFile; fileRef = 3DD490C11C46DB74007F6DA9 /* LaunchScreen.storyboard */; };
		3DD490CE1C46DB74007F6DA9 /* Flickr_CloneTests.swift in Sources */ = {isa = PBXBuildFile; fileRef = 3DD490CD1C46DB74007F6DA9 /* Flickr_CloneTests.swift */; };
		3DD490D91C46DB74007F6DA9 /* Flickr_CloneUITests.swift in Sources */ = {isa = PBXBuildFile; fileRef = 3DD490D81C46DB74007F6DA9 /* Flickr_CloneUITests.swift */; };
		3DD490EB1C46DBF9007F6DA9 /* FlickrHelper.swift in Sources */ = {isa = PBXBuildFile; fileRef = 3DD490EA1C46DBF9007F6DA9 /* FlickrHelper.swift */; };
		3DD490EF1C473423007F6DA9 /* FickrPhotosCollectionViewController.swift in Sources */ = {isa = PBXBuildFile; fileRef = 3DD490EE1C473423007F6DA9 /* FickrPhotosCollectionViewController.swift */; };
		3DD490F31C48181E007F6DA9 /* FlickrSearcher.swift in Sources */ = {isa = PBXBuildFile; fileRef = 3DD490F21C48181E007F6DA9 /* FlickrSearcher.swift */; };
/* End PBXBuildFile section */

/* Begin PBXContainerItemProxy section */
		3DD490CA1C46DB74007F6DA9 /* PBXContainerItemProxy */ = {
			isa = PBXContainerItemProxy;
			containerPortal = 3DD490AD1C46DB73007F6DA9 /* Project object */;
			proxyType = 1;
			remoteGlobalIDString = 3DD490B41C46DB73007F6DA9;
			remoteInfo = "Flickr Clone";
		};
		3DD490D51C46DB74007F6DA9 /* PBXContainerItemProxy */ = {
			isa = PBXContainerItemProxy;
			containerPortal = 3DD490AD1C46DB73007F6DA9 /* Project object */;
			proxyType = 1;
			remoteGlobalIDString = 3DD490B41C46DB73007F6DA9;
			remoteInfo = "Flickr Clone";
		};
/* End PBXContainerItemProxy section */

/* Begin PBXFileReference section */
		3DD490B51C46DB73007F6DA9 /* Flickr Clone.app */ = {isa = PBXFileReference; explicitFileType = wrapper.application; includeInIndex = 0; path = "Flickr Clone.app"; sourceTree = BUILT_PRODUCTS_DIR; };
		3DD490B81C46DB73007F6DA9 /* AppDelegate.swift */ = {isa = PBXFileReference; lastKnownFileType = sourcecode.swift; name = AppDelegate.swift; path = "Flickr Clone/AppDelegate.swift"; sourceTree = "<group>"; };
		3DD490BD1C46DB74007F6DA9 /* Base */ = {isa = PBXFileReference; lastKnownFileType = file.storyboard; name = Base; path = Base.lproj/Main.storyboard; sourceTree = "<group>"; };
		3DD490BF1C46DB74007F6DA9 /* Assets.xcassets */ = {isa = PBXFileReference; lastKnownFileType = folder.assetcatalog; name = Assets.xcassets; path = "Flickr Clone/Assets.xcassets"; sourceTree = "<group>"; };
		3DD490C21C46DB74007F6DA9 /* Base */ = {isa = PBXFileReference; lastKnownFileType = file.storyboard; name = Base; path = Base.lproj/LaunchScreen.storyboard; sourceTree = "<group>"; };
		3DD490C41C46DB74007F6DA9 /* Info.plist */ = {isa = PBXFileReference; lastKnownFileType = text.plist.xml; name = Info.plist; path = "Flickr Clone/Info.plist"; sourceTree = "<group>"; };
		3DD490C91C46DB74007F6DA9 /* Flickr CloneTests.xctest */ = {isa = PBXFileReference; explicitFileType = wrapper.cfbundle; includeInIndex = 0; path = "Flickr CloneTests.xctest"; sourceTree = BUILT_PRODUCTS_DIR; };
		3DD490CD1C46DB74007F6DA9 /* Flickr_CloneTests.swift */ = {isa = PBXFileReference; lastKnownFileType = sourcecode.swift; path = Flickr_CloneTests.swift; sourceTree = "<group>"; };
		3DD490CF1C46DB74007F6DA9 /* Info.plist */ = {isa = PBXFileReference; lastKnownFileType = text.plist.xml; path = Info.plist; sourceTree = "<group>"; };
		3DD490D41C46DB74007F6DA9 /* Flickr CloneUITests.xctest */ = {isa = PBXFileReference; explicitFileType = wrapper.cfbundle; includeInIndex = 0; path = "Flickr CloneUITests.xctest"; sourceTree = BUILT_PRODUCTS_DIR; };
		3DD490D81C46DB74007F6DA9 /* Flickr_CloneUITests.swift */ = {isa = PBXFileReference; lastKnownFileType = sourcecode.swift; path = Flickr_CloneUITests.swift; sourceTree = "<group>"; };
		3DD490DA1C46DB74007F6DA9 /* Info.plist */ = {isa = PBXFileReference; lastKnownFileType = text.plist.xml; path = Info.plist; sourceTree = "<group>"; };
		3DD490EA1C46DBF9007F6DA9 /* FlickrHelper.swift */ = {isa = PBXFileReference; fileEncoding = 4; lastKnownFileType = sourcecode.swift; path = FlickrHelper.swift; sourceTree = "<group>"; };
		3DD490EE1C473423007F6DA9 /* FickrPhotosCollectionViewController.swift */ = {isa = PBXFileReference; fileEncoding = 4; lastKnownFileType = sourcecode.swift; path = FickrPhotosCollectionViewController.swift; sourceTree = "<group>"; };
		3DD490F21C48181E007F6DA9 /* FlickrSearcher.swift */ = {isa = PBXFileReference; fileEncoding = 4; lastKnownFileType = sourcecode.swift; path = FlickrSearcher.swift; sourceTree = "<group>"; };
/* End PBXFileReference section */

/* Begin PBXFrameworksBuildPhase section */
		3DD490B21C46DB73007F6DA9 /* Frameworks */ = {
			isa = PBXFrameworksBuildPhase;
			buildActionMask = 2147483647;
			files = (
			);
			runOnlyForDeploymentPostprocessing = 0;
		};
		3DD490C61C46DB74007F6DA9 /* Frameworks */ = {
			isa = PBXFrameworksBuildPhase;
			buildActionMask = 2147483647;
			files = (
			);
			runOnlyForDeploymentPostprocessing = 0;
		};
		3DD490D11C46DB74007F6DA9 /* Frameworks */ = {
			isa = PBXFrameworksBuildPhase;
			buildActionMask = 2147483647;
			files = (
			);
			runOnlyForDeploymentPostprocessing = 0;
		};
/* End PBXFrameworksBuildPhase section */

/* Begin PBXGroup section */
		3DD490AC1C46DB73007F6DA9 = {
			isa = PBXGroup;
			children = (
				3DD490F01C473474007F6DA9 /* View */,
				3DD490F11C47347F007F6DA9 /* Controllers */,
				3DD490CC1C46DB74007F6DA9 /* Flickr CloneTests */,
				3DD490D71C46DB74007F6DA9 /* Flickr CloneUITests */,
				3DD490B61C46DB73007F6DA9 /* Products */,
				3DD490C41C46DB74007F6DA9 /* Info.plist */,
				3DD490BF1C46DB74007F6DA9 /* Assets.xcassets */,
			);
			sourceTree = "<group>";
		};
		3DD490B61C46DB73007F6DA9 /* Products */ = {
			isa = PBXGroup;
			children = (
				3DD490B51C46DB73007F6DA9 /* Flickr Clone.app */,
				3DD490C91C46DB74007F6DA9 /* Flickr CloneTests.xctest */,
				3DD490D41C46DB74007F6DA9 /* Flickr CloneUITests.xctest */,
			);
			name = Products;
			sourceTree = "<group>";
		};
		3DD490CC1C46DB74007F6DA9 /* Flickr CloneTests */ = {
			isa = PBXGroup;
			children = (
				3DD490CD1C46DB74007F6DA9 /* Flickr_CloneTests.swift */,
				3DD490CF1C46DB74007F6DA9 /* Info.plist */,
			);
			path = "Flickr CloneTests";
			sourceTree = "<group>";
		};
		3DD490D71C46DB74007F6DA9 /* Flickr CloneUITests */ = {
			isa = PBXGroup;
			children = (
				3DD490D81C46DB74007F6DA9 /* Flickr_CloneUITests.swift */,
				3DD490DA1C46DB74007F6DA9 /* Info.plist */,
			);
			path = "Flickr CloneUITests";
			sourceTree = "<group>";
		};
		3DD490F01C473474007F6DA9 /* View */ = {
			isa = PBXGroup;
			children = (
				3DD490BC1C46DB74007F6DA9 /* Main.storyboard */,
				3DD490C11C46DB74007F6DA9 /* LaunchScreen.storyboard */,
			);
			name = View;
			sourceTree = "<group>";
		};
		3DD490F11C47347F007F6DA9 /* Controllers */ = {
			isa = PBXGroup;
			children = (
				3DD490EE1C473423007F6DA9 /* FickrPhotosCollectionViewController.swift */,
				3DD490EA1C46DBF9007F6DA9 /* FlickrHelper.swift */,
				3DD490F21C48181E007F6DA9 /* FlickrSearcher.swift */,
				3DD490B81C46DB73007F6DA9 /* AppDelegate.swift */,
			);
			name = Controllers;
			sourceTree = "<group>";
		};
/* End PBXGroup section */

/* Begin PBXNativeTarget section */
		3DD490B41C46DB73007F6DA9 /* Flickr Clone */ = {
			isa = PBXNativeTarget;
			buildConfigurationList = 3DD490DD1C46DB74007F6DA9 /* Build configuration list for PBXNativeTarget "Flickr Clone" */;
			buildPhases = (
				3DD490B11C46DB73007F6DA9 /* Sources */,
				3DD490B21C46DB73007F6DA9 /* Frameworks */,
				3DD490B31C46DB73007F6DA9 /* Resources */,
			);
			buildRules = (
			);
			dependencies = (
			);
			name = "Flickr Clone";
			productName = "Flickr Clone";
			productReference = 3DD490B51C46DB73007F6DA9 /* Flickr Clone.app */;
			productType = "com.apple.product-type.application";
		};
		3DD490C81C46DB74007F6DA9 /* Flickr CloneTests */ = {
			isa = PBXNativeTarget;
			buildConfigurationList = 3DD490E01C46DB74007F6DA9 /* Build configuration list for PBXNativeTarget "Flickr CloneTests" */;
			buildPhases = (
				3DD490C51C46DB74007F6DA9 /* Sources */,
				3DD490C61C46DB74007F6DA9 /* Frameworks */,
				3DD490C71C46DB74007F6DA9 /* Resources */,
			);
			buildRules = (
			);
			dependencies = (
				3DD490CB1C46DB74007F6DA9 /* PBXTargetDependency */,
			);
			name = "Flickr CloneTests";
			productName = "Flickr CloneTests";
			productReference = 3DD490C91C46DB74007F6DA9 /* Flickr CloneTests.xctest */;
			productType = "com.apple.product-type.bundle.unit-test";
		};
		3DD490D31C46DB74007F6DA9 /* Flickr CloneUITests */ = {
			isa = PBXNativeTarget;
			buildConfigurationList = 3DD490E31C46DB74007F6DA9 /* Build configuration list for PBXNativeTarget "Flickr CloneUITests" */;
			buildPhases = (
				3DD490D01C46DB74007F6DA9 /* Sources */,
				3DD490D11C46DB74007F6DA9 /* Frameworks */,
				3DD490D21C46DB74007F6DA9 /* Resources */,
			);
			buildRules = (
			);
			dependencies = (
				3DD490D61C46DB74007F6DA9 /* PBXTargetDependency */,
			);
			name = "Flickr CloneUITests";
			productName = "Flickr CloneUITests";
			productReference = 3DD490D41C46DB74007F6DA9 /* Flickr CloneUITests.xctest */;
			productType = "com.apple.product-type.bundle.ui-testing";
		};
/* End PBXNativeTarget section */

/* Begin PBXProject section */
		3DD490AD1C46DB73007F6DA9 /* Project object */ = {
			isa = PBXProject;
			attributes = {
				LastSwiftUpdateCheck = 0720;
				LastUpgradeCheck = 0720;
				ORGANIZATIONNAME = "Cynthia Whitlatch";
				TargetAttributes = {
					3DD490B41C46DB73007F6DA9 = {
						CreatedOnToolsVersion = 7.2;
					};
					3DD490C81C46DB74007F6DA9 = {
						CreatedOnToolsVersion = 7.2;
						TestTargetID = 3DD490B41C46DB73007F6DA9;
					};
					3DD490D31C46DB74007F6DA9 = {
						CreatedOnToolsVersion = 7.2;
						TestTargetID = 3DD490B41C46DB73007F6DA9;
					};
				};
			};
			buildConfigurationList = 3DD490B01C46DB73007F6DA9 /* Build configuration list for PBXProject "Flickr Clone" */;
			compatibilityVersion = "Xcode 3.2";
			developmentRegion = English;
			hasScannedForEncodings = 0;
			knownRegions = (
				en,
				Base,
			);
			mainGroup = 3DD490AC1C46DB73007F6DA9;
			productRefGroup = 3DD490B61C46DB73007F6DA9 /* Products */;
			projectDirPath = "";
			projectRoot = "";
			targets = (
				3DD490B41C46DB73007F6DA9 /* Flickr Clone */,
				3DD490C81C46DB74007F6DA9 /* Flickr CloneTests */,
				3DD490D31C46DB74007F6DA9 /* Flickr CloneUITests */,
			);
		};
/* End PBXProject section */

/* Begin PBXResourcesBuildPhase section */
		3DD490B31C46DB73007F6DA9 /* Resources */ = {
			isa = PBXResourcesBuildPhase;
			buildActionMask = 2147483647;
			files = (
				3DD490C31C46DB74007F6DA9 /* LaunchScreen.storyboard in Resources */,
				3DD490C01C46DB74007F6DA9 /* Assets.xcassets in Resources */,
				3DD490BE1C46DB74007F6DA9 /* Main.storyboard in Resources */,
			);
			runOnlyForDeploymentPostprocessing = 0;
		};
		3DD490C71C46DB74007F6DA9 /* Resources */ = {
			isa = PBXResourcesBuildPhase;
			buildActionMask = 2147483647;
			files = (
			);
			runOnlyForDeploymentPostprocessing = 0;
		};
		3DD490D21C46DB74007F6DA9 /* Resources */ = {
			isa = PBXResourcesBuildPhase;
			buildActionMask = 2147483647;
			files = (
			);
			runOnlyForDeploymentPostprocessing = 0;
		};
/* End PBXResourcesBuildPhase section */

/* Begin PBXSourcesBuildPhase section */
		3DD490B11C46DB73007F6DA9 /* Sources */ = {
			isa = PBXSourcesBuildPhase;
			buildActionMask = 2147483647;
			files = (
				3DD490EB1C46DBF9007F6DA9 /* FlickrHelper.swift in Sources */,
				3DD490B91C46DB73007F6DA9 /* AppDelegate.swift in Sources */,
				3DD490EF1C473423007F6DA9 /* FickrPhotosCollectionViewController.swift in Sources */,
				3DD490F31C48181E007F6DA9 /* FlickrSearcher.swift in Sources */,
			);
			runOnlyForDeploymentPostprocessing = 0;
		};
		3DD490C51C46DB74007F6DA9 /* Sources */ = {
			isa = PBXSourcesBuildPhase;
			buildActionMask = 2147483647;
			files = (
				3DD490CE1C46DB74007F6DA9 /* Flickr_CloneTests.swift in Sources */,
			);
			runOnlyForDeploymentPostprocessing = 0;
		};
		3DD490D01C46DB74007F6DA9 /* Sources */ = {
			isa = PBXSourcesBuildPhase;
			buildActionMask = 2147483647;
			files = (
				3DD490D91C46DB74007F6DA9 /* Flickr_CloneUITests.swift in Sources */,
			);
			runOnlyForDeploymentPostprocessing = 0;
		};
/* End PBXSourcesBuildPhase section */

/* Begin PBXTargetDependency section */
		3DD490CB1C46DB74007F6DA9 /* PBXTargetDependency */ = {
			isa = PBXTargetDependency;
			target = 3DD490B41C46DB73007F6DA9 /* Flickr Clone */;
			targetProxy = 3DD490CA1C46DB74007F6DA9 /* PBXContainerItemProxy */;
		};
		3DD490D61C46DB74007F6DA9 /* PBXTargetDependency */ = {
			isa = PBXTargetDependency;
			target = 3DD490B41C46DB73007F6DA9 /* Flickr Clone */;
			targetProxy = 3DD490D51C46DB74007F6DA9 /* PBXContainerItemProxy */;
		};
/* End PBXTargetDependency section */

/* Begin PBXVariantGroup section */
		3DD490BC1C46DB74007F6DA9 /* Main.storyboard */ = {
			isa = PBXVariantGroup;
			children = (
				3DD490BD1C46DB74007F6DA9 /* Base */,
			);
			name = Main.storyboard;
			path = "Flickr Clone";
			sourceTree = "<group>";
		};
		3DD490C11C46DB74007F6DA9 /* LaunchScreen.storyboard */ = {
			isa = PBXVariantGroup;
			children = (
				3DD490C21C46DB74007F6DA9 /* Base */,
			);
			name = LaunchScreen.storyboard;
			path = "Flickr Clone";
			sourceTree = "<group>";
		};
/* End PBXVariantGroup section */

/* Begin XCBuildConfiguration section */
		3DD490DB1C46DB74007F6DA9 /* Debug */ = {
			isa = XCBuildConfiguration;
			buildSettings = {
				ALWAYS_SEARCH_USER_PATHS = NO;
				CLANG_CXX_LANGUAGE_STANDARD = "gnu++0x";
				CLANG_CXX_LIBRARY = "libc++";
				CLANG_ENABLE_MODULES = YES;
				CLANG_ENABLE_OBJC_ARC = YES;
				CLANG_WARN_BOOL_CONVERSION = YES;
				CLANG_WARN_CONSTANT_CONVERSION = YES;
				CLANG_WARN_DIRECT_OBJC_ISA_USAGE = YES_ERROR;
				CLANG_WARN_EMPTY_BODY = YES;
				CLANG_WARN_ENUM_CONVERSION = YES;
				CLANG_WARN_INT_CONVERSION = YES;
				CLANG_WARN_OBJC_ROOT_CLASS = YES_ERROR;
				CLANG_WARN_UNREACHABLE_CODE = YES;
				CLANG_WARN__DUPLICATE_METHOD_MATCH = YES;
				"CODE_SIGN_IDENTITY[sdk=iphoneos*]" = "iPhone Developer";
				COPY_PHASE_STRIP = NO;
				DEBUG_INFORMATION_FORMAT = dwarf;
				ENABLE_STRICT_OBJC_MSGSEND = YES;
				ENABLE_TESTABILITY = YES;
				GCC_C_LANGUAGE_STANDARD = gnu99;
				GCC_DYNAMIC_NO_PIC = NO;
				GCC_NO_COMMON_BLOCKS = YES;
				GCC_OPTIMIZATION_LEVEL = 0;
				GCC_PREPROCESSOR_DEFINITIONS = (
					"DEBUG=1",
					"$(inherited)",
				);
				GCC_WARN_64_TO_32_BIT_CONVERSION = YES;
				GCC_WARN_ABOUT_RETURN_TYPE = YES_ERROR;
				GCC_WARN_UNDECLARED_SELECTOR = YES;
				GCC_WARN_UNINITIALIZED_AUTOS = YES_AGGRESSIVE;
				GCC_WARN_UNUSED_FUNCTION = YES;
				GCC_WARN_UNUSED_VARIABLE = YES;
				IPHONEOS_DEPLOYMENT_TARGET = 9.2;
				MTL_ENABLE_DEBUG_INFO = YES;
				ONLY_ACTIVE_ARCH = YES;
				SDKROOT = iphoneos;
				SWIFT_OPTIMIZATION_LEVEL = "-Onone";
				TARGETED_DEVICE_FAMILY = "1,2";
			};
			name = Debug;
		};
		3DD490DC1C46DB74007F6DA9 /* Release */ = {
			isa = XCBuildConfiguration;
			buildSettings = {
				ALWAYS_SEARCH_USER_PATHS = NO;
				CLANG_CXX_LANGUAGE_STANDARD = "gnu++0x";
				CLANG_CXX_LIBRARY = "libc++";
				CLANG_ENABLE_MODULES = YES;
				CLANG_ENABLE_OBJC_ARC = YES;
				CLANG_WARN_BOOL_CONVERSION = YES;
				CLANG_WARN_CONSTANT_CONVERSION = YES;
				CLANG_WARN_DIRECT_OBJC_ISA_USAGE = YES_ERROR;
				CLANG_WARN_EMPTY_BODY = YES;
				CLANG_WARN_ENUM_CONVERSION = YES;
				CLANG_WARN_INT_CONVERSION = YES;
				CLANG_WARN_OBJC_ROOT_CLASS = YES_ERROR;
				CLANG_WARN_UNREACHABLE_CODE = YES;
				CLANG_WARN__DUPLICATE_METHOD_MATCH = YES;
				"CODE_SIGN_IDENTITY[sdk=iphoneos*]" = "iPhone Developer";
				COPY_PHASE_STRIP = NO;
				DEBUG_INFORMATION_FORMAT = "dwarf-with-dsym";
				ENABLE_NS_ASSERTIONS = NO;
				ENABLE_STRICT_OBJC_MSGSEND = YES;
				GCC_C_LANGUAGE_STANDARD = gnu99;
				GCC_NO_COMMON_BLOCKS = YES;
				GCC_WARN_64_TO_32_BIT_CONVERSION = YES;
				GCC_WARN_ABOUT_RETURN_TYPE = YES_ERROR;
				GCC_WARN_UNDECLARED_SELECTOR = YES;
				GCC_WARN_UNINITIALIZED_AUTOS = YES_AGGRESSIVE;
				GCC_WARN_UNUSED_FUNCTION = YES;
				GCC_WARN_UNUSED_VARIABLE = YES;
				IPHONEOS_DEPLOYMENT_TARGET = 9.2;
				MTL_ENABLE_DEBUG_INFO = NO;
				SDKROOT = iphoneos;
				TARGETED_DEVICE_FAMILY = "1,2";
				VALIDATE_PRODUCT = YES;
			};
			name = Release;
		};
		3DD490DE1C46DB74007F6DA9 /* Debug */ = {
			isa = XCBuildConfiguration;
			buildSettings = {
				ASSETCATALOG_COMPILER_APPICON_NAME = AppIcon;
				INFOPLIST_FILE = "Flickr Clone/Info.plist";
				LD_RUNPATH_SEARCH_PATHS = "$(inherited) @executable_path/Frameworks";
				PRODUCT_BUNDLE_IDENTIFIER = "com.cynthia.whitlatch.Flickr-Clone";
				PRODUCT_NAME = "$(TARGET_NAME)";
			};
			name = Debug;
		};
		3DD490DF1C46DB74007F6DA9 /* Release */ = {
			isa = XCBuildConfiguration;
			buildSettings = {
				ASSETCATALOG_COMPILER_APPICON_NAME = AppIcon;
				INFOPLIST_FILE = "Flickr Clone/Info.plist";
				LD_RUNPATH_SEARCH_PATHS = "$(inherited) @executable_path/Frameworks";
				PRODUCT_BUNDLE_IDENTIFIER = "com.cynthia.whitlatch.Flickr-Clone";
				PRODUCT_NAME = "$(TARGET_NAME)";
			};
			name = Release;
		};
		3DD490E11C46DB74007F6DA9 /* Debug */ = {
			isa = XCBuildConfiguration;
			buildSettings = {
				BUNDLE_LOADER = "$(TEST_HOST)";
				INFOPLIST_FILE = "Flickr CloneTests/Info.plist";
				LD_RUNPATH_SEARCH_PATHS = "$(inherited) @executable_path/Frameworks @loader_path/Frameworks";
				PRODUCT_BUNDLE_IDENTIFIER = "com.cynthia.whitlatch.Flickr-CloneTests";
				PRODUCT_NAME = "$(TARGET_NAME)";
				TEST_HOST = "$(BUILT_PRODUCTS_DIR)/Flickr Clone.app/Flickr Clone";
			};
			name = Debug;
		};
		3DD490E21C46DB74007F6DA9 /* Release */ = {
			isa = XCBuildConfiguration;
			buildSettings = {
				BUNDLE_LOADER = "$(TEST_HOST)";
				INFOPLIST_FILE = "Flickr CloneTests/Info.plist";
				LD_RUNPATH_SEARCH_PATHS = "$(inherited) @executable_path/Frameworks @loader_path/Frameworks";
				PRODUCT_BUNDLE_IDENTIFIER = "com.cynthia.whitlatch.Flickr-CloneTests";
				PRODUCT_NAME = "$(TARGET_NAME)";
				TEST_HOST = "$(BUILT_PRODUCTS_DIR)/Flickr Clone.app/Flickr Clone";
			};
			name = Release;
		};
		3DD490E41C46DB74007F6DA9 /* Debug */ = {
			isa = XCBuildConfiguration;
			buildSettings = {
				INFOPLIST_FILE = "Flickr CloneUITests/Info.plist";
				LD_RUNPATH_SEARCH_PATHS = "$(inherited) @executable_path/Frameworks @loader_path/Frameworks";
				PRODUCT_BUNDLE_IDENTIFIER = "com.cynthia.whitlatch.Flickr-CloneUITests";
				PRODUCT_NAME = "$(TARGET_NAME)";
				TEST_TARGET_NAME = "Flickr Clone";
				USES_XCTRUNNER = YES;
			};
			name = Debug;
		};
		3DD490E51C46DB74007F6DA9 /* Release */ = {
			isa = XCBuildConfiguration;
			buildSettings = {
				INFOPLIST_FILE = "Flickr CloneUITests/Info.plist";
				LD_RUNPATH_SEARCH_PATHS = "$(inherited) @executable_path/Frameworks @loader_path/Frameworks";
				PRODUCT_BUNDLE_IDENTIFIER = "com.cynthia.whitlatch.Flickr-CloneUITests";
				PRODUCT_NAME = "$(TARGET_NAME)";
				TEST_TARGET_NAME = "Flickr Clone";
				USES_XCTRUNNER = YES;
			};
			name = Release;
		};
/* End XCBuildConfiguration section */

/* Begin XCConfigurationList section */
		3DD490B01C46DB73007F6DA9 /* Build configuration list for PBXProject "Flickr Clone" */ = {
			isa = XCConfigurationList;
			buildConfigurations = (
				3DD490DB1C46DB74007F6DA9 /* Debug */,
				3DD490DC1C46DB74007F6DA9 /* Release */,
			);
			defaultConfigurationIsVisible = 0;
			defaultConfigurationName = Release;
		};
		3DD490DD1C46DB74007F6DA9 /* Build configuration list for PBXNativeTarget "Flickr Clone" */ = {
			isa = XCConfigurationList;
			buildConfigurations = (
				3DD490DE1C46DB74007F6DA9 /* Debug */,
				3DD490DF1C46DB74007F6DA9 /* Release */,
			);
			defaultConfigurationIsVisible = 0;
		};
		3DD490E01C46DB74007F6DA9 /* Build configuration list for PBXNativeTarget "Flickr CloneTests" */ = {
			isa = XCConfigurationList;
			buildConfigurations = (
				3DD490E11C46DB74007F6DA9 /* Debug */,
				3DD490E21C46DB74007F6DA9 /* Release */,
			);
			defaultConfigurationIsVisible = 0;
		};
		3DD490E31C46DB74007F6DA9 /* Build configuration list for PBXNativeTarget "Flickr CloneUITests" */ = {
			isa = XCConfigurationList;
			buildConfigurations = (
				3DD490E41C46DB74007F6DA9 /* Debug */,
				3DD490E51C46DB74007F6DA9 /* Release */,
			);
			defaultConfigurationIsVisible = 0;
		};
/* End XCConfigurationList section */
	};
	rootObject = 3DD490AD1C46DB73007F6DA9 /* Project object */;
}
